
Microsoft Visual Studio Solution File, Format Version 12.00
# Visual Studio Version 16
VisualStudioVersion = 16.0.30413.136
MinimumVisualStudioVersion = 10.0.40219.1
Project("{FAE04EC0-301F-11D3-BF4B-00C04F79EFBC}") = "Constructors", "Constructors\Constructors.csproj", "{1777CDE0-27B3-437C-9241-F4099D302011}"
EndProject
Global
	GlobalSection(SolutionConfigurationPlatforms) = preSolution
		Debug|Any CPU = Debug|Any CPU
		Release|Any CPU = Release|Any CPU
	EndGlobalSection
	GlobalSection(ProjectConfigurationPlatforms) = postSolution
		{1777CDE0-27B3-437C-9241-F4099D302011}.Debug|Any CPU.ActiveCfg = Debug|Any CPU
		{1777CDE0-27B3-437C-9241-F4099D302011}.Debug|Any CPU.Build.0 = Debug|Any CPU
		{1777CDE0-27B3-437C-9241-F4099D302011}.Release|Any CPU.ActiveCfg = Release|Any CPU
		{1777CDE0-27B3-437C-9241-F4099D302011}.Release|Any CPU.Build.0 = Release|Any CPU
	EndGlobalSection
	GlobalSection(SolutionProperties) = preSolution
		HideSolutionNode = FALSE
	EndGlobalSection
	GlobalSection(ExtensibilityGlobals) = postSolution
		SolutionGuid = {E1F338A1-CD8A-47C8-ACB2-41CF64DB585B}
	EndGlobalSection
EndGlobal
